
Microsoft Visual Studio Solution File, Format Version 12.00
# Visual Studio 15
VisualStudioVersion = 15.0.26430.13
MinimumVisualStudioVersion = 10.0.40219.1
Project("{FAE04EC0-301F-11D3-BF4B-00C04F79EFBC}") = "ListaTodosParticipantes", "ListaTodosParticipantes\ListaTodosParticipantes.csproj", "{CAFFFC94-DE55-4908-9939-5C6AE74E2E3A}"
EndProject
Project("{FAE04EC0-301F-11D3-BF4B-00C04F79EFBC}") = "DatabaseModel", "DatabaseModel\DatabaseModel.csproj", "{3DDE6E62-5E3A-459B-9DDE-AC9A64EEDB03}"
EndProject
Project("{2150E333-8FDC-42A3-9474-1A3956D46DE8}") = "Solution Items", "Solution Items", "{B27ED836-F82C-4300-A441-F86A7F05E823}"
	ProjectSection(SolutionItems) = preProject
		.gitignore = .gitignore
	EndProjectSection
EndProject
Global
	GlobalSection(SolutionConfigurationPlatforms) = preSolution
		Debug|Any CPU = Debug|Any CPU
		Release|Any CPU = Release|Any CPU
	EndGlobalSection
	GlobalSection(ProjectConfigurationPlatforms) = postSolution
		{CAFFFC94-DE55-4908-9939-5C6AE74E2E3A}.Debug|Any CPU.ActiveCfg = Debug|Any CPU
		{CAFFFC94-DE55-4908-9939-5C6AE74E2E3A}.Debug|Any CPU.Build.0 = Debug|Any CPU
		{CAFFFC94-DE55-4908-9939-5C6AE74E2E3A}.Release|Any CPU.ActiveCfg = Release|Any CPU
		{CAFFFC94-DE55-4908-9939-5C6AE74E2E3A}.Release|Any CPU.Build.0 = Release|Any CPU
		{3DDE6E62-5E3A-459B-9DDE-AC9A64EEDB03}.Debug|Any CPU.ActiveCfg = Debug|Any CPU
		{3DDE6E62-5E3A-459B-9DDE-AC9A64EEDB03}.Debug|Any CPU.Build.0 = Debug|Any CPU
		{3DDE6E62-5E3A-459B-9DDE-AC9A64EEDB03}.Release|Any CPU.ActiveCfg = Release|Any CPU
		{3DDE6E62-5E3A-459B-9DDE-AC9A64EEDB03}.Release|Any CPU.Build.0 = Release|Any CPU
	EndGlobalSection
	GlobalSection(SolutionProperties) = preSolution
		HideSolutionNode = FALSE
	EndGlobalSection
EndGlobal
